
Microsoft Visual Studio Solution File, Format Version 12.00
# Visual Studio Version 16
VisualStudioVersion = 16.0.32602.291
MinimumVisualStudioVersion = 10.0.40219.1
Project("{FAE04EC0-301F-11D3-BF4B-00C04F79EFBC}") = "webDesignModel", "webDesign\webDesignModel.csproj", "{8656EFBC-18FD-46D2-9CB5-7D460843F0B5}"
EndProject
Project("{FAE04EC0-301F-11D3-BF4B-00C04F79EFBC}") = "1", "1\1.csproj", "{F9DE736A-D994-426D-A839-062D0EE48135}"
EndProject
Project("{FAE04EC0-301F-11D3-BF4B-00C04F79EFBC}") = "2", "2\2.csproj", "{59DCBA57-8E05-4CE7-A30A-90543FF13D24}"
EndProject
Project("{FAE04EC0-301F-11D3-BF4B-00C04F79EFBC}") = "3", "3\3.csproj", "{0208A4CA-AF20-4027-BF99-FA70747A4B36}"
EndProject
Project("{E24C65DC-7377-472B-9ABA-BC803B73C61A}") = "webUI", "webUI\", "{22997A8A-380C-4C3A-BE9A-F795ED9D6926}"
	ProjectSection(WebsiteProperties) = preProject
		TargetFrameworkMoniker = ".NETFramework,Version%3Dv4.0"
		Debug.AspNetCompiler.VirtualPath = "/localhost_59523"
		Debug.AspNetCompiler.PhysicalPath = "webUI\"
		Debug.AspNetCompiler.TargetPath = "PrecompiledWeb\localhost_59523\"
		Debug.AspNetCompiler.Updateable = "true"
		Debug.AspNetCompiler.ForceOverwrite = "true"
		Debug.AspNetCompiler.FixedNames = "false"
		Debug.AspNetCompiler.Debug = "True"
		Release.AspNetCompiler.VirtualPath = "/localhost_59523"
		Release.AspNetCompiler.PhysicalPath = "webUI\"
		Release.AspNetCompiler.TargetPath = "PrecompiledWeb\localhost_59523\"
		Release.AspNetCompiler.Updateable = "true"
		Release.AspNetCompiler.ForceOverwrite = "true"
		Release.AspNetCompiler.FixedNames = "false"
		Release.AspNetCompiler.Debug = "False"
		VWDPort = "59523"
		SlnRelativePath = "webUI\"
	EndProjectSection
EndProject
Global
	GlobalSection(SolutionConfigurationPlatforms) = preSolution
		Debug|Any CPU = Debug|Any CPU
		Release|Any CPU = Release|Any CPU
	EndGlobalSection
	GlobalSection(ProjectConfigurationPlatforms) = postSolution
		{8656EFBC-18FD-46D2-9CB5-7D460843F0B5}.Debug|Any CPU.ActiveCfg = Debug|Any CPU
		{8656EFBC-18FD-46D2-9CB5-7D460843F0B5}.Debug|Any CPU.Build.0 = Debug|Any CPU
		{8656EFBC-18FD-46D2-9CB5-7D460843F0B5}.Release|Any CPU.ActiveCfg = Release|Any CPU
		{8656EFBC-18FD-46D2-9CB5-7D460843F0B5}.Release|Any CPU.Build.0 = Release|Any CPU
		{F9DE736A-D994-426D-A839-062D0EE48135}.Debug|Any CPU.ActiveCfg = Debug|Any CPU
		{F9DE736A-D994-426D-A839-062D0EE48135}.Debug|Any CPU.Build.0 = Debug|Any CPU
		{F9DE736A-D994-426D-A839-062D0EE48135}.Release|Any CPU.ActiveCfg = Release|Any CPU
		{F9DE736A-D994-426D-A839-062D0EE48135}.Release|Any CPU.Build.0 = Release|Any CPU
		{59DCBA57-8E05-4CE7-A30A-90543FF13D24}.Debug|Any CPU.ActiveCfg = Debug|Any CPU
		{59DCBA57-8E05-4CE7-A30A-90543FF13D24}.Debug|Any CPU.Build.0 = Debug|Any CPU
		{59DCBA57-8E05-4CE7-A30A-90543FF13D24}.Release|Any CPU.ActiveCfg = Release|Any CPU
		{59DCBA57-8E05-4CE7-A30A-90543FF13D24}.Release|Any CPU.Build.0 = Release|Any CPU
		{0208A4CA-AF20-4027-BF99-FA70747A4B36}.Debug|Any CPU.ActiveCfg = Debug|Any CPU
		{0208A4CA-AF20-4027-BF99-FA70747A4B36}.Debug|Any CPU.Build.0 = Debug|Any CPU
		{0208A4CA-AF20-4027-BF99-FA70747A4B36}.Release|Any CPU.ActiveCfg = Release|Any CPU
		{0208A4CA-AF20-4027-BF99-FA70747A4B36}.Release|Any CPU.Build.0 = Release|Any CPU
		{22997A8A-380C-4C3A-BE9A-F795ED9D6926}.Debug|Any CPU.ActiveCfg = Debug|Any CPU
		{22997A8A-380C-4C3A-BE9A-F795ED9D6926}.Debug|Any CPU.Build.0 = Debug|Any CPU
		{22997A8A-380C-4C3A-BE9A-F795ED9D6926}.Release|Any CPU.ActiveCfg = Debug|Any CPU
		{22997A8A-380C-4C3A-BE9A-F795ED9D6926}.Release|Any CPU.Build.0 = Debug|Any CPU
	EndGlobalSection
	GlobalSection(SolutionProperties) = preSolution
		HideSolutionNode = FALSE
	EndGlobalSection
	GlobalSection(ExtensibilityGlobals) = postSolution
		SolutionGuid = {6525F695-6F3E-439D-8673-F442FB1F0F98}
	EndGlobalSection
EndGlobal
